// !$*UTF8*$!
{
	archiveVersion = 1;
	classes = {
	};
	objectVersion = 55;
	objects = {

/* Begin PBXBuildFile section */
		F5A23E0628EACD3A006F5D2B /* AppDelegate.swift in Sources */ = {isa = PBXBuildFile; fileRef = F5A23E0528EACD3A006F5D2B /* AppDelegate.swift */; };
		F5A23E0A28EACD3A006F5D2B /* ArticlesViewController.swift in Sources */ = {isa = PBXBuildFile; fileRef = F5A23E0928EACD3A006F5D2B /* ArticlesViewController.swift */; };
		F5A23E0F28EACD3E006F5D2B /* Assets.xcassets in Resources */ = {isa = PBXBuildFile; fileRef = F5A23E0E28EACD3E006F5D2B /* Assets.xcassets */; };
		F5A23E1228EACD3E006F5D2B /* LaunchScreen.storyboard in Resources */ = {isa = PBXBuildFile; fileRef = F5A23E1028EACD3E006F5D2B /* LaunchScreen.storyboard */; };
		F5A23E1F28EAD6E0006F5D2B /* Article.swift in Sources */ = {isa = PBXBuildFile; fileRef = F5A23E1E28EAD6E0006F5D2B /* Article.swift */; };
		F5A23E2128EADA3F006F5D2B /* jsonviewer.json in Resources */ = {isa = PBXBuildFile; fileRef = F5A23E2028EADA3F006F5D2B /* jsonviewer.json */; };
		F5A23E2328EADDFA006F5D2B /* DataManager.swift in Sources */ = {isa = PBXBuildFile; fileRef = F5A23E2228EADDFA006F5D2B /* DataManager.swift */; };
/* End PBXBuildFile section */

/* Begin PBXFileReference section */
		F5A23E0228EACD3A006F5D2B /* AboutFood.app */ = {isa = PBXFileReference; explicitFileType = wrapper.application; includeInIndex = 0; path = AboutFood.app; sourceTree = BUILT_PRODUCTS_DIR; };
		F5A23E0528EACD3A006F5D2B /* AppDelegate.swift */ = {isa = PBXFileReference; lastKnownFileType = sourcecode.swift; path = AppDelegate.swift; sourceTree = "<group>"; };
		F5A23E0928EACD3A006F5D2B /* ArticlesViewController.swift */ = {isa = PBXFileReference; lastKnownFileType = sourcecode.swift; path = ArticlesViewController.swift; sourceTree = "<group>"; };
		F5A23E0E28EACD3E006F5D2B /* Assets.xcassets */ = {isa = PBXFileReference; lastKnownFileType = folder.assetcatalog; path = Assets.xcassets; sourceTree = "<group>"; };
		F5A23E1128EACD3E006F5D2B /* Base */ = {isa = PBXFileReference; lastKnownFileType = file.storyboard; name = Base; path = Base.lproj/LaunchScreen.storyboard; sourceTree = "<group>"; };
		F5A23E1328EACD3E006F5D2B /* Info.plist */ = {isa = PBXFileReference; lastKnownFileType = text.plist.xml; path = Info.plist; sourceTree = "<group>"; };
		F5A23E1E28EAD6E0006F5D2B /* Article.swift */ = {isa = PBXFileReference; lastKnownFileType = sourcecode.swift; path = Article.swift; sourceTree = "<group>"; };
		F5A23E2028EADA3F006F5D2B /* jsonviewer.json */ = {isa = PBXFileReference; fileEncoding = 4; lastKnownFileType = text.json; path = jsonviewer.json; sourceTree = "<group>"; };
		F5A23E2228EADDFA006F5D2B /* DataManager.swift */ = {isa = PBXFileReference; lastKnownFileType = sourcecode.swift; path = DataManager.swift; sourceTree = "<group>"; };
/* End PBXFileReference section */

/* Begin PBXFrameworksBuildPhase section */
		F5A23DFF28EACD39006F5D2B /* Frameworks */ = {
			isa = PBXFrameworksBuildPhase;
			buildActionMask = 2147483647;
			files = (
			);
			runOnlyForDeploymentPostprocessing = 0;
		};
/* End PBXFrameworksBuildPhase section */

/* Begin PBXGroup section */
		F5A23DF928EACD39006F5D2B = {
			isa = PBXGroup;
			children = (
				F5A23E0428EACD3A006F5D2B /* AboutFood */,
				F5A23E0328EACD3A006F5D2B /* Products */,
			);
			sourceTree = "<group>";
		};
		F5A23E0328EACD3A006F5D2B /* Products */ = {
			isa = PBXGroup;
			children = (
				F5A23E0228EACD3A006F5D2B /* AboutFood.app */,
			);
			name = Products;
			sourceTree = "<group>";
		};
		F5A23E0428EACD3A006F5D2B /* AboutFood */ = {
			isa = PBXGroup;
			children = (
				F5A23E1A28EACDC6006F5D2B /* App */,
				F5A23E1B28EAD187006F5D2B /* Resources */,
				F5A23E1C28EAD1B6006F5D2B /* Models */,
				F5A23E1D28EAD1C8006F5D2B /* Services */,
				F5A23E1928EACD95006F5D2B /* Views */,
			);
			path = AboutFood;
			sourceTree = "<group>";
		};
		F5A23E1928EACD95006F5D2B /* Views */ = {
			isa = PBXGroup;
			children = (
				F5A23E0928EACD3A006F5D2B /* ArticlesViewController.swift */,
			);
			path = Views;
			sourceTree = "<group>";
		};
		F5A23E1A28EACDC6006F5D2B /* App */ = {
			isa = PBXGroup;
			children = (
				F5A23E0528EACD3A006F5D2B /* AppDelegate.swift */,
				F5A23E1028EACD3E006F5D2B /* LaunchScreen.storyboard */,
				F5A23E1328EACD3E006F5D2B /* Info.plist */,
			);
			path = App;
			sourceTree = "<group>";
		};
		F5A23E1B28EAD187006F5D2B /* Resources */ = {
			isa = PBXGroup;
			children = (
				F5A23E2028EADA3F006F5D2B /* jsonviewer.json */,
				F5A23E0E28EACD3E006F5D2B /* Assets.xcassets */,
			);
			path = Resources;
			sourceTree = "<group>";
		};
		F5A23E1C28EAD1B6006F5D2B /* Models */ = {
			isa = PBXGroup;
			children = (
				F5A23E1E28EAD6E0006F5D2B /* Article.swift */,
			);
			path = Models;
			sourceTree = "<group>";
		};
		F5A23E1D28EAD1C8006F5D2B /* Services */ = {
			isa = PBXGroup;
			children = (
				F5A23E2228EADDFA006F5D2B /* DataManager.swift */,
			);
			path = Services;
			sourceTree = "<group>";
		};
/* End PBXGroup section */

/* Begin PBXNativeTarget section */
		F5A23E0128EACD39006F5D2B /* AboutFood */ = {
			isa = PBXNativeTarget;
			buildConfigurationList = F5A23E1628EACD3E006F5D2B /* Build configuration list for PBXNativeTarget "AboutFood" */;
			buildPhases = (
				F5A23DFE28EACD39006F5D2B /* Sources */,
				F5A23DFF28EACD39006F5D2B /* Frameworks */,
				F5A23E0028EACD39006F5D2B /* Resources */,
			);
			buildRules = (
			);
			dependencies = (
			);
			name = AboutFood;
			productName = AboutFood;
			productReference = F5A23E0228EACD3A006F5D2B /* AboutFood.app */;
			productType = "com.apple.product-type.application";
		};
/* End PBXNativeTarget section */

/* Begin PBXProject section */
		F5A23DFA28EACD39006F5D2B /* Project object */ = {
			isa = PBXProject;
			attributes = {
				BuildIndependentTargetsInParallel = 1;
				LastSwiftUpdateCheck = 1340;
				LastUpgradeCheck = 1340;
				TargetAttributes = {
					F5A23E0128EACD39006F5D2B = {
						CreatedOnToolsVersion = 13.4.1;
					};
				};
			};
			buildConfigurationList = F5A23DFD28EACD39006F5D2B /* Build configuration list for PBXProject "AboutFood" */;
			compatibilityVersion = "Xcode 13.0";
			developmentRegion = en;
			hasScannedForEncodings = 0;
			knownRegions = (
				en,
				Base,
			);
			mainGroup = F5A23DF928EACD39006F5D2B;
			productRefGroup = F5A23E0328EACD3A006F5D2B /* Products */;
			projectDirPath = "";
			projectRoot = "";
			targets = (
				F5A23E0128EACD39006F5D2B /* AboutFood */,
			);
		};
/* End PBXProject section */

/* Begin PBXResourcesBuildPhase section */
		F5A23E0028EACD39006F5D2B /* Resources */ = {
			isa = PBXResourcesBuildPhase;
			buildActionMask = 2147483647;
			files = (
				F5A23E1228EACD3E006F5D2B /* LaunchScreen.storyboard in Resources */,
				F5A23E0F28EACD3E006F5D2B /* Assets.xcassets in Resources */,
				F5A23E2128EADA3F006F5D2B /* jsonviewer.json in Resources */,
			);
			runOnlyForDeploymentPostprocessing = 0;
		};
/* End PBXResourcesBuildPhase section */

/* Begin PBXSourcesBuildPhase section */
		F5A23DFE28EACD39006F5D2B /* Sources */ = {
			isa = PBXSourcesBuildPhase;
			buildActionMask = 2147483647;
			files = (
				F5A23E0A28EACD3A006F5D2B /* ArticlesViewController.swift in Sources */,
				F5A23E2328EADDFA006F5D2B /* DataManager.swift in Sources */,
				F5A23E0628EACD3A006F5D2B /* AppDelegate.swift in Sources */,
				F5A23E1F28EAD6E0006F5D2B /* Article.swift in Sources */,
			);
			runOnlyForDeploymentPostprocessing = 0;
		};
/* End PBXSourcesBuildPhase section */

/* Begin PBXVariantGroup section */
		F5A23E1028EACD3E006F5D2B /* LaunchScreen.storyboard */ = {
			isa = PBXVariantGroup;
			children = (
				F5A23E1128EACD3E006F5D2B /* Base */,
			);
			name = LaunchScreen.storyboard;
			sourceTree = "<group>";
		};
/* End PBXVariantGroup section */

/* Begin XCBuildConfiguration section */
		F5A23E1428EACD3E006F5D2B /* Debug */ = {
			isa = XCBuildConfiguration;
			buildSettings = {
				ALWAYS_SEARCH_USER_PATHS = NO;
				CLANG_ANALYZER_NONNULL = YES;
				CLANG_ANALYZER_NUMBER_OBJECT_CONVERSION = YES_AGGRESSIVE;
				CLANG_CXX_LANGUAGE_STANDARD = "gnu++17";
				CLANG_ENABLE_MODULES = YES;
				CLANG_ENABLE_OBJC_ARC = YES;
				CLANG_ENABLE_OBJC_WEAK = YES;
				CLANG_WARN_BLOCK_CAPTURE_AUTORELEASING = YES;
				CLANG_WARN_BOOL_CONVERSION = YES;
				CLANG_WARN_COMMA = YES;
				CLANG_WARN_CONSTANT_CONVERSION = YES;
				CLANG_WARN_DEPRECATED_OBJC_IMPLEMENTATIONS = YES;
				CLANG_WARN_DIRECT_OBJC_ISA_USAGE = YES_ERROR;
				CLANG_WARN_DOCUMENTATION_COMMENTS = YES;
				CLANG_WARN_EMPTY_BODY = YES;
				CLANG_WARN_ENUM_CONVERSION = YES;
				CLANG_WARN_INFINITE_RECURSION = YES;
				CLANG_WARN_INT_CONVERSION = YES;
				CLANG_WARN_NON_LITERAL_NULL_CONVERSION = YES;
				CLANG_WARN_OBJC_IMPLICIT_RETAIN_SELF = YES;
				CLANG_WARN_OBJC_LITERAL_CONVERSION = YES;
				CLANG_WARN_OBJC_ROOT_CLASS = YES_ERROR;
				CLANG_WARN_QUOTED_INCLUDE_IN_FRAMEWORK_HEADER = YES;
				CLANG_WARN_RANGE_LOOP_ANALYSIS = YES;
				CLANG_WARN_STRICT_PROTOTYPES = YES;
				CLANG_WARN_SUSPICIOUS_MOVE = YES;
				CLANG_WARN_UNGUARDED_AVAILABILITY = YES_AGGRESSIVE;
				CLANG_WARN_UNREACHABLE_CODE = YES;
				CLANG_WARN__DUPLICATE_METHOD_MATCH = YES;
				COPY_PHASE_STRIP = NO;
				DEBUG_INFORMATION_FORMAT = dwarf;
				ENABLE_STRICT_OBJC_MSGSEND = YES;
				ENABLE_TESTABILITY = YES;
				GCC_C_LANGUAGE_STANDARD = gnu11;
				GCC_DYNAMIC_NO_PIC = NO;
				GCC_NO_COMMON_BLOCKS = YES;
				GCC_OPTIMIZATION_LEVEL = 0;
				GCC_PREPROCESSOR_DEFINITIONS = (
					"DEBUG=1",
					"$(inherited)",
				);
				GCC_WARN_64_TO_32_BIT_CONVERSION = YES;
				GCC_WARN_ABOUT_RETURN_TYPE = YES_ERROR;
				GCC_WARN_UNDECLARED_SELECTOR = YES;
				GCC_WARN_UNINITIALIZED_AUTOS = YES_AGGRESSIVE;
				GCC_WARN_UNUSED_FUNCTION = YES;
				GCC_WARN_UNUSED_VARIABLE = YES;
				IPHONEOS_DEPLOYMENT_TARGET = 15.5;
				MTL_ENABLE_DEBUG_INFO = INCLUDE_SOURCE;
				MTL_FAST_MATH = YES;
				ONLY_ACTIVE_ARCH = YES;
				SDKROOT = iphoneos;
				SWIFT_ACTIVE_COMPILATION_CONDITIONS = DEBUG;
				SWIFT_OPTIMIZATION_LEVEL = "-Onone";
			};
			name = Debug;
		};
		F5A23E1528EACD3E006F5D2B /* Release */ = {
			isa = XCBuildConfiguration;
			buildSettings = {
				ALWAYS_SEARCH_USER_PATHS = NO;
				CLANG_ANALYZER_NONNULL = YES;
				CLANG_ANALYZER_NUMBER_OBJECT_CONVERSION = YES_AGGRESSIVE;
				CLANG_CXX_LANGUAGE_STANDARD = "gnu++17";
				CLANG_ENABLE_MODULES = YES;
				CLANG_ENABLE_OBJC_ARC = YES;
				CLANG_ENABLE_OBJC_WEAK = YES;
				CLANG_WARN_BLOCK_CAPTURE_AUTORELEASING = YES;
				CLANG_WARN_BOOL_CONVERSION = YES;
				CLANG_WARN_COMMA = YES;
				CLANG_WARN_CONSTANT_CONVERSION = YES;
				CLANG_WARN_DEPRECATED_OBJC_IMPLEMENTATIONS = YES;
				CLANG_WARN_DIRECT_OBJC_ISA_USAGE = YES_ERROR;
				CLANG_WARN_DOCUMENTATION_COMMENTS = YES;
				CLANG_WARN_EMPTY_BODY = YES;
				CLANG_WARN_ENUM_CONVERSION = YES;
				CLANG_WARN_INFINITE_RECURSION = YES;
				CLANG_WARN_INT_CONVERSION = YES;
				CLANG_WARN_NON_LITERAL_NULL_CONVERSION = YES;
				CLANG_WARN_OBJC_IMPLICIT_RETAIN_SELF = YES;
				CLANG_WARN_OBJC_LITERAL_CONVERSION = YES;
				CLANG_WARN_OBJC_ROOT_CLASS = YES_ERROR;
				CLANG_WARN_QUOTED_INCLUDE_IN_FRAMEWORK_HEADER = YES;
				CLANG_WARN_RANGE_LOOP_ANALYSIS = YES;
				CLANG_WARN_STRICT_PROTOTYPES = YES;
				CLANG_WARN_SUSPICIOUS_MOVE = YES;
				CLANG_WARN_UNGUARDED_AVAILABILITY = YES_AGGRESSIVE;
				CLANG_WARN_UNREACHABLE_CODE = YES;
				CLANG_WARN__DUPLICATE_METHOD_MATCH = YES;
				COPY_PHASE_STRIP = NO;
				DEBUG_INFORMATION_FORMAT = "dwarf-with-dsym";
				ENABLE_NS_ASSERTIONS = NO;
				ENABLE_STRICT_OBJC_MSGSEND = YES;
				GCC_C_LANGUAGE_STANDARD = gnu11;
				GCC_NO_COMMON_BLOCKS = YES;
				GCC_WARN_64_TO_32_BIT_CONVERSION = YES;
				GCC_WARN_ABOUT_RETURN_TYPE = YES_ERROR;
				GCC_WARN_UNDECLARED_SELECTOR = YES;
				GCC_WARN_UNINITIALIZED_AUTOS = YES_AGGRESSIVE;
				GCC_WARN_UNUSED_FUNCTION = YES;
				GCC_WARN_UNUSED_VARIABLE = YES;
				IPHONEOS_DEPLOYMENT_TARGET = 15.5;
				MTL_ENABLE_DEBUG_INFO = NO;
				MTL_FAST_MATH = YES;
				SDKROOT = iphoneos;
				SWIFT_COMPILATION_MODE = wholemodule;
				SWIFT_OPTIMIZATION_LEVEL = "-O";
				VALIDATE_PRODUCT = YES;
			};
			name = Release;
		};
		F5A23E1728EACD3E006F5D2B /* Debug */ = {
			isa = XCBuildConfiguration;
			buildSettings = {
				ASSETCATALOG_COMPILER_APPICON_NAME = AppIcon;
				ASSETCATALOG_COMPILER_GLOBAL_ACCENT_COLOR_NAME = AccentColor;
				CODE_SIGN_STYLE = Automatic;
				CURRENT_PROJECT_VERSION = 1;
				DEVELOPMENT_TEAM = 3KSQQS7C6X;
				GENERATE_INFOPLIST_FILE = YES;
				INFOPLIST_FILE = AboutFood/App/Info.plist;
				INFOPLIST_KEY_UIApplicationSupportsIndirectInputEvents = YES;
				INFOPLIST_KEY_UILaunchStoryboardName = LaunchScreen;
				INFOPLIST_KEY_UISupportedInterfaceOrientations = UIInterfaceOrientationPortrait;
				INFOPLIST_KEY_UISupportedInterfaceOrientations_iPad = "UIInterfaceOrientationPortrait UIInterfaceOrientationPortraitUpsideDown UIInterfaceOrientationLandscapeLeft UIInterfaceOrientationLandscapeRight";
				INFOPLIST_KEY_UISupportedInterfaceOrientations_iPhone = "UIInterfaceOrientationPortrait UIInterfaceOrientationLandscapeLeft UIInterfaceOrientationLandscapeRight";
				IPHONEOS_DEPLOYMENT_TARGET = 13.0;
				LD_RUNPATH_SEARCH_PATHS = (
					"$(inherited)",
					"@executable_path/Frameworks",
				);
				MARKETING_VERSION = 1.0;
				PRODUCT_BUNDLE_IDENTIFIER = alex.AboutFood;
				PRODUCT_NAME = "$(TARGET_NAME)";
				SWIFT_EMIT_LOC_STRINGS = YES;
				SWIFT_VERSION = 5.0;
				TARGETED_DEVICE_FAMILY = 1;
			};
			name = Debug;
		};
		F5A23E1828EACD3E006F5D2B /* Release */ = {
			isa = XCBuildConfiguration;
			buildSettings = {
				ASSETCATALOG_COMPILER_APPICON_NAME = AppIcon;
				ASSETCATALOG_COMPILER_GLOBAL_ACCENT_COLOR_NAME = AccentColor;
				CODE_SIGN_STYLE = Automatic;
				CURRENT_PROJECT_VERSION = 1;
				DEVELOPMENT_TEAM = 3KSQQS7C6X;
				GENERATE_INFOPLIST_FILE = YES;
				INFOPLIST_FILE = AboutFood/App/Info.plist;
				INFOPLIST_KEY_UIApplicationSupportsIndirectInputEvents = YES;
				INFOPLIST_KEY_UILaunchStoryboardName = LaunchScreen;
				INFOPLIST_KEY_UISupportedInterfaceOrientations = UIInterfaceOrientationPortrait;
				INFOPLIST_KEY_UISupportedInterfaceOrientations_iPad = "UIInterfaceOrientationPortrait UIInterfaceOrientationPortraitUpsideDown UIInterfaceOrientationLandscapeLeft UIInterfaceOrientationLandscapeRight";
				INFOPLIST_KEY_UISupportedInterfaceOrientations_iPhone = "UIInterfaceOrientationPortrait UIInterfaceOrientationLandscapeLeft UIInterfaceOrientationLandscapeRight";
				IPHONEOS_DEPLOYMENT_TARGET = 13.0;
				LD_RUNPATH_SEARCH_PATHS = (
					"$(inherited)",
					"@executable_path/Frameworks",
				);
				MARKETING_VERSION = 1.0;
				PRODUCT_BUNDLE_IDENTIFIER = alex.AboutFood;
				PRODUCT_NAME = "$(TARGET_NAME)";
				SWIFT_EMIT_LOC_STRINGS = YES;
				SWIFT_VERSION = 5.0;
				TARGETED_DEVICE_FAMILY = 1;
			};
			name = Release;
		};
/* End XCBuildConfiguration section */

/* Begin XCConfigurationList section */
		F5A23DFD28EACD39006F5D2B /* Build configuration list for PBXProject "AboutFood" */ = {
			isa = XCConfigurationList;
			buildConfigurations = (
				F5A23E1428EACD3E006F5D2B /* Debug */,
				F5A23E1528EACD3E006F5D2B /* Release */,
			);
			defaultConfigurationIsVisible = 0;
			defaultConfigurationName = Release;
		};
		F5A23E1628EACD3E006F5D2B /* Build configuration list for PBXNativeTarget "AboutFood" */ = {
			isa = XCConfigurationList;
			buildConfigurations = (
				F5A23E1728EACD3E006F5D2B /* Debug */,
				F5A23E1828EACD3E006F5D2B /* Release */,
			);
			defaultConfigurationIsVisible = 0;
			defaultConfigurationName = Release;
		};
/* End XCConfigurationList section */
	};
	rootObject = F5A23DFA28EACD39006F5D2B /* Project object */;
}
